
Microsoft Visual Studio Solution File, Format Version 12.00
# Visual Studio Version 17
VisualStudioVersion = 17.14.36401.2 d17.14
MinimumVisualStudioVersion = 10.0.40219.1
Project("{FAE04EC0-301F-11D3-BF4B-00C04F79EFBC}") = "NumberParserExtended.Core", "NumberParserExtended.Core\NumberParserExtended.Core.csproj", "{45DA886D-2D8E-4814-9187-F65130D6A4D1}"
EndProject
Project("{FAE04EC0-301F-11D3-BF4B-00C04F79EFBC}") = "NumberParserExtended.Tests", "NumberParserExtended.Tests\NumberParserExtended.Tests.csproj", "{DC1309FB-CA1A-4530-82F4-75DC8AFA9BCB}"
EndProject
Global
	GlobalSection(SolutionConfigurationPlatforms) = preSolution
		Debug|Any CPU = Debug|Any CPU
		Release|Any CPU = Release|Any CPU
	EndGlobalSection
	GlobalSection(ProjectConfigurationPlatforms) = postSolution
		{45DA886D-2D8E-4814-9187-F65130D6A4D1}.Debug|Any CPU.ActiveCfg = Debug|Any CPU
		{45DA886D-2D8E-4814-9187-F65130D6A4D1}.Debug|Any CPU.Build.0 = Debug|Any CPU
		{45DA886D-2D8E-4814-9187-F65130D6A4D1}.Release|Any CPU.ActiveCfg = Release|Any CPU
		{45DA886D-2D8E-4814-9187-F65130D6A4D1}.Release|Any CPU.Build.0 = Release|Any CPU
		{DC1309FB-CA1A-4530-82F4-75DC8AFA9BCB}.Debug|Any CPU.ActiveCfg = Debug|Any CPU
		{DC1309FB-CA1A-4530-82F4-75DC8AFA9BCB}.Debug|Any CPU.Build.0 = Debug|Any CPU
		{DC1309FB-CA1A-4530-82F4-75DC8AFA9BCB}.Release|Any CPU.ActiveCfg = Release|Any CPU
		{DC1309FB-CA1A-4530-82F4-75DC8AFA9BCB}.Release|Any CPU.Build.0 = Release|Any CPU
	EndGlobalSection
	GlobalSection(SolutionProperties) = preSolution
		HideSolutionNode = FALSE
	EndGlobalSection
	GlobalSection(ExtensibilityGlobals) = postSolution
		SolutionGuid = {F6171D13-1C94-485E-B709-73CA6E4DD561}
	EndGlobalSection
EndGlobal
